
Microsoft Visual Studio Solution File, Format Version 12.00
# Visual Studio Version 17
VisualStudioVersion = 17.10.34916.146
MinimumVisualStudioVersion = 10.0.40219.1
Project("{FAE04EC0-301F-11D3-BF4B-00C04F79EFBC}") = "webapp", "webapp\webapp.csproj", "{8578E493-8F40-4023-BD6F-AD36B97183CB}"
EndProject
Global
	GlobalSection(SolutionConfigurationPlatforms) = preSolution
		Debug|Any CPU = Debug|Any CPU
		Release|Any CPU = Release|Any CPU
	EndGlobalSection
	GlobalSection(ProjectConfigurationPlatforms) = postSolution
		{8578E493-8F40-4023-BD6F-AD36B97183CB}.Debug|Any CPU.ActiveCfg = Debug|Any CPU
		{8578E493-8F40-4023-BD6F-AD36B97183CB}.Debug|Any CPU.Build.0 = Debug|Any CPU
		{8578E493-8F40-4023-BD6F-AD36B97183CB}.Release|Any CPU.ActiveCfg = Release|Any CPU
		{8578E493-8F40-4023-BD6F-AD36B97183CB}.Release|Any CPU.Build.0 = Release|Any CPU
	EndGlobalSection
	GlobalSection(SolutionProperties) = preSolution
		HideSolutionNode = FALSE
	EndGlobalSection
	GlobalSection(ExtensibilityGlobals) = postSolution
		SolutionGuid = {1281DD0A-CAA1-42EB-A383-3CDD121A4346}
	EndGlobalSection
EndGlobal
